<?xml version="1.0" encoding="utf-8"?>
<Project ToolsVersion="4.0" xmlns="http://schemas.microsoft.com/developer/msbuild/2003">
  <ItemGroup>
    <ClCompile Include="dllmain.cpp" />
    <ClCompile Include="..\..\DirectHook\directhook.cpp">
      <Filter>directhook</Filter>
    </ClCompile>
    <ClCompile Include="..\..\DirectHook\D3D11\d3d11hook.cpp">
      <Filter>directhook\D3D11</Filter>
    </ClCompile>
    <ClCompile Include="ImGui\imgui.cpp">
      <Filter>ImGui</Filter>
    </ClCompile>
    <ClCompile Include="ImGui\imgui_demo.cpp">
      <Filter>ImGui</Filter>
    </ClCompile>
    <ClCompile Include="ImGui\imgui_draw.cpp">
      <Filter>ImGui</Filter>
    </ClCompile>
    <ClCompile Include="ImGui\imgui_impl_dx11.cpp">
      <Filter>ImGui</Filter>
    </ClCompile>
    <ClCompile Include="ImGui\imgui_impl_win32.cpp">
      <Filter>ImGui</Filter>
    </ClCompile>
    <ClCompile Include="ImGui\imgui_tables.cpp">
      <Filter>ImGui</Filter>
    </ClCompile>
    <ClCompile Include="ImGui\imgui_widgets.cpp">
      <Filter>ImGui</Filter>
    </ClCompile>
  </ItemGroup>
  <ItemGroup>
    <Filter Include="directhook">
      <UniqueIdentifier>{5e4f4f40-ee7b-42bb-ab4b-b23e8d1a01e2}</UniqueIdentifier>
    </Filter>
    <Filter Include="directhook\D3D11">
      <UniqueIdentifier>{9c5961f5-c8d3-4994-9671-6ae2b3c91641}</UniqueIdentifier>
    </Filter>
    <Filter Include="ImGui">
      <UniqueIdentifier>{ef8e5de2-2747-4053-a89d-68c977e3c2dc}</UniqueIdentifier>
    </Filter>
  </ItemGroup>
  <ItemGroup>
    <ClInclude Include="..\..\DirectHook\directhook.h">
      <Filter>directhook</Filter>
    </ClInclude>
    <ClInclude Include="..\..\DirectHook\method_table.h">
      <Filter>directhook</Filter>
    </ClInclude>
    <ClInclude Include="..\..\DirectHook\D3D11\d3d11hook.h">
      <Filter>directhook\D3D11</Filter>
    </ClInclude>
    <ClInclude Include="..\..\DirectHook\D3D11\d3d11hook_aliases.h">
      <Filter>directhook\D3D11</Filter>
    </ClInclude>
    <ClInclude Include="..\..\DirectHook\D3D11\d3d11hook_indices.h">
      <Filter>directhook\D3D11</Filter>
    </ClInclude>
    <ClInclude Include="ImGui\imconfig.h">
      <Filter>ImGui</Filter>
    </ClInclude>
    <ClInclude Include="ImGui\imgui.h">
      <Filter>ImGui</Filter>
    </ClInclude>
    <ClInclude Include="ImGui\imgui_impl_dx11.h">
      <Filter>ImGui</Filter>
    </ClInclude>
    <ClInclude Include="ImGui\imgui_impl_win32.h">
      <Filter>ImGui</Filter>
    </ClInclude>
    <ClInclude Include="ImGui\imgui_internal.h">
      <Filter>ImGui</Filter>
    </ClInclude>
    <ClInclude Include="ImGui\imstb_rectpack.h">
      <Filter>ImGui</Filter>
    </ClInclude>
    <ClInclude Include="ImGui\imstb_textedit.h">
      <Filter>ImGui</Filter>
    </ClInclude>
    <ClInclude Include="ImGui\imstb_truetype.h">
      <Filter>ImGui</Filter>
    </ClInclude>
  </ItemGroup>
</Project>