<?xml version="1.0" encoding="utf-8"?>
<Project ToolsVersion="4.0" xmlns="http://schemas.microsoft.com/developer/msbuild/2003">
  <ItemGroup>
    <ClCompile Include="dllmain.cpp" />
    <ClCompile Include="..\..\DirectHook\directhook.cpp">
      <Filter>directhook</Filter>
    </ClCompile>
    <ClCompile Include="..\..\DirectHook\D3D12\d3d12hook.cpp">
      <Filter>directhook\D3D12</Filter>
    </ClCompile>
    <ClCompile Include="ImGui\imgui.cpp">
      <Filter>ImGui</Filter>
    </ClCompile>
    <ClCompile Include="ImGui\imgui_demo.cpp">
      <Filter>ImGui</Filter>
    </ClCompile>
    <ClCompile Include="ImGui\imgui_draw.cpp">
      <Filter>ImGui</Filter>
    </ClCompile>
    <ClCompile Include="ImGui\imgui_impl_dx12.cpp">
      <Filter>ImGui</Filter>
    </ClCompile>
    <ClCompile Include="ImGui\imgui_impl_win32.cpp">
      <Filter>ImGui</Filter>
    </ClCompile>
    <ClCompile Include="ImGui\imgui_tables.cpp">
      <Filter>ImGui</Filter>
    </ClCompile>
    <ClCompile Include="ImGui\imgui_widgets.cpp">
      <Filter>ImGui</Filter>
    </ClCompile>
  </ItemGroup>
  <ItemGroup>
    <Filter Include="directhook">
      <UniqueIdentifier>{c9f33f84-a7ca-4133-a04a-9b443a75c73b}</UniqueIdentifier>
    </Filter>
    <Filter Include="directhook\D3D12">
      <UniqueIdentifier>{556ad71e-a0cf-49b7-8942-7d7f616d2e24}</UniqueIdentifier>
    </Filter>
    <Filter Include="ImGui">
      <UniqueIdentifier>{5ae842bb-869e-48c3-af5a-3c0462bc07d3}</UniqueIdentifier>
    </Filter>
  </ItemGroup>
  <ItemGroup>
    <ClInclude Include="..\..\DirectHook\directhook.h">
      <Filter>directhook</Filter>
    </ClInclude>
    <ClInclude Include="..\..\DirectHook\method_table.h">
      <Filter>directhook</Filter>
    </ClInclude>
    <ClInclude Include="..\..\DirectHook\D3D12\d3d12hook.h">
      <Filter>directhook\D3D12</Filter>
    </ClInclude>
    <ClInclude Include="..\..\DirectHook\D3D12\d3d12hook_aliases.h">
      <Filter>directhook\D3D12</Filter>
    </ClInclude>
    <ClInclude Include="..\..\DirectHook\D3D12\d3d12hook_indices.h">
      <Filter>directhook\D3D12</Filter>
    </ClInclude>
    <ClInclude Include="ImGui\imconfig.h">
      <Filter>ImGui</Filter>
    </ClInclude>
    <ClInclude Include="ImGui\imgui.h">
      <Filter>ImGui</Filter>
    </ClInclude>
    <ClInclude Include="ImGui\imgui_impl_dx12.h">
      <Filter>ImGui</Filter>
    </ClInclude>
    <ClInclude Include="ImGui\imgui_impl_win32.h">
      <Filter>ImGui</Filter>
    </ClInclude>
    <ClInclude Include="ImGui\imgui_internal.h">
      <Filter>ImGui</Filter>
    </ClInclude>
    <ClInclude Include="ImGui\imstb_rectpack.h">
      <Filter>ImGui</Filter>
    </ClInclude>
    <ClInclude Include="ImGui\imstb_textedit.h">
      <Filter>ImGui</Filter>
    </ClInclude>
    <ClInclude Include="ImGui\imstb_truetype.h">
      <Filter>ImGui</Filter>
    </ClInclude>
  </ItemGroup>
</Project>