<?xml version="1.0" encoding="utf-8"?>
<Project ToolsVersion="4.0" xmlns="http://schemas.microsoft.com/developer/msbuild/2003">
  <ItemGroup>
    <ClCompile Include="dllmain.cpp" />
    <ClCompile Include="..\..\DirectHook\directhook.cpp">
      <Filter>directhook</Filter>
    </ClCompile>
    <ClCompile Include="..\..\DirectHook\DDraw\ddrawhook.cpp">
      <Filter>directhook\DDraw</Filter>
    </ClCompile>
  </ItemGroup>
  <ItemGroup>
    <Filter Include="directhook">
      <UniqueIdentifier>{f04ca591-e0ef-41c6-afb9-70af2cf7545e}</UniqueIdentifier>
    </Filter>
    <Filter Include="directhook\DDraw">
      <UniqueIdentifier>{e112ecb1-0e63-4ea5-b67b-d51fe327ed30}</UniqueIdentifier>
    </Filter>
  </ItemGroup>
  <ItemGroup>
    <ClInclude Include="..\..\DirectHook\directhook.h">
      <Filter>directhook</Filter>
    </ClInclude>
    <ClInclude Include="..\..\DirectHook\method_table.h">
      <Filter>directhook</Filter>
    </ClInclude>
    <ClInclude Include="..\..\DirectHook\DDraw\ddrawhook.h">
      <Filter>directhook\DDraw</Filter>
    </ClInclude>
    <ClInclude Include="..\..\DirectHook\DDraw\ddrawhook_aliases.h">
      <Filter>directhook\DDraw</Filter>
    </ClInclude>
    <ClInclude Include="..\..\DirectHook\DDraw\ddrawhook_indices.h">
      <Filter>directhook\DDraw</Filter>
    </ClInclude>
  </ItemGroup>
</Project>